{
  "originHash" : "a3cd96c61d16ee1086c6556bf08015cdb623b0249d03a1cb7c6a558efd762e76",
  "pins" : [
    {
      "identity" : "babellyricslib",
      "kind" : "remoteSourceControl",
      "location" : "https://github.com/RustyKnight/BabelLyricsLib",
      "state" : {
        "branch" : "main",
        "revision" : "47af69ec644bfe2374202b624187e5491486a83f"
      }
    },
    {
      "identity" : "rainbow",
      "kind" : "remoteSourceControl",
      "location" : "https://github.com/onevcat/Rainbow",
      "state" : {
        "revision" : "cdf146ae671b2624917648b61c908d1244b98ca1",
        "version" : "4.2.1"
      }
    }
  ],
  "version" : 3
}
